Microsoft Visual Studio Solution File, Format Version 12.00
# Visual Studio Version 17
VisualStudioVersion = 17.3.32819.101
MinimumVisualStudioVersion = 10.0.40219.1
Project("{8BC9CEB8-8B4A-11D0-8D11-00A0C91BC942}") = "WindowsResearchKernel", "WRK.vcxproj", "{7B312FB7-F0A3-41FE-89D1-6100FDC35009}"
EndProject
Global
	GlobalSection(SolutionConfigurationPlatforms) = preSolution
		x86|Win32 = x86|Win32
	EndGlobalSection
	GlobalSection(ProjectConfigurationPlatforms) = postSolution
		{7B312FB7-F0A3-41FE-89D1-6100FDC35009}.x86|Win32.ActiveCfg = x86|Win32
		{7B312FB7-F0A3-41FE-89D1-6100FDC35009}.x86|Win32.Build.0 = x86|Win32
	EndGlobalSection
	GlobalSection(SolutionProperties) = preSolution
		HideSolutionNode = FALSE
	EndGlobalSection
	GlobalSection(ExtensibilityGlobals) = postSolution
		SolutionGuid = {C901FE9B-9C48-4225-9D68-726046214B9C}
	EndGlobalSection
EndGlobal
